
Microsoft Visual Studio Solution File, Format Version 12.00
# Visual Studio Version 16
VisualStudioVersion = 16.0.32002.261
MinimumVisualStudioVersion = 10.0.40219.1
Project("{FAE04EC0-301F-11D3-BF4B-00C04F79EFBC}") = "TorrentInfoReader", "TorrentInfoReader.csproj", "{E8A991D8-1745-43ED-8679-B904399AE663}"
EndProject
Global
	GlobalSection(SolutionConfigurationPlatforms) = preSolution
		Debug|Any CPU = Debug|Any CPU
		Release|Any CPU = Release|Any CPU
	EndGlobalSection
	GlobalSection(ProjectConfigurationPlatforms) = postSolution
		{E8A991D8-1745-43ED-8679-B904399AE663}.Debug|Any CPU.ActiveCfg = Debug|Any CPU
		{E8A991D8-1745-43ED-8679-B904399AE663}.Debug|Any CPU.Build.0 = Debug|Any CPU
		{E8A991D8-1745-43ED-8679-B904399AE663}.Release|Any CPU.ActiveCfg = Release|Any CPU
		{E8A991D8-1745-43ED-8679-B904399AE663}.Release|Any CPU.Build.0 = Release|Any CPU
	EndGlobalSection
	GlobalSection(SolutionProperties) = preSolution
		HideSolutionNode = FALSE
	EndGlobalSection
	GlobalSection(ExtensibilityGlobals) = postSolution
		SolutionGuid = {54B93199-9FC5-47F5-880A-5BABA153B2EB}
	EndGlobalSection
EndGlobal
